
Microsoft Visual Studio Solution File, Format Version 12.00
# Visual Studio Version 17
VisualStudioVersion = 17.2.32505.173
MinimumVisualStudioVersion = 10.0.40219.1
Project("{FAE04EC0-301F-11D3-BF4B-00C04F79EFBC}") = "E01-ReverseNumbersWithAStack", "E01-ReverseNumbersWithAStack\E01-ReverseNumbersWithAStack.csproj", "{17F697AB-A2B7-4F8F-872A-8ED858F15736}"
EndProject
Project("{FAE04EC0-301F-11D3-BF4B-00C04F79EFBC}") = "Е02-BasicStackOperations", "Е02-BasicStackOperations\Е02-BasicStackOperations.csproj", "{B36D4C8C-25C8-4BDE-861E-C5205F68F3BB}"
EndProject
Project("{FAE04EC0-301F-11D3-BF4B-00C04F79EFBC}") = "E03-MaximumElement", "E03-MaximumElement\E03-MaximumElement.csproj", "{16542471-7D8B-49D3-923F-6CADF80A7666}"
EndProject
Project("{FAE04EC0-301F-11D3-BF4B-00C04F79EFBC}") = "E04-BasicQueueOperations", "E04-BasicQueueOperations\E04-BasicQueueOperations.csproj", "{FD42547C-EE8D-43DD-A9C1-E6A377A0E4E2}"
EndProject
Project("{FAE04EC0-301F-11D3-BF4B-00C04F79EFBC}") = "E05-CalculateSequenceWithQueue", "E05-CalculateSequenceWithQueue\E05-CalculateSequenceWithQueue.csproj", "{CC1E83FF-71E7-4AF2-AC5F-5FC30B657EC7}"
EndProject
Project("{FAE04EC0-301F-11D3-BF4B-00C04F79EFBC}") = "E06-TruckTour", "E06-TruckTour\E06-TruckTour.csproj", "{71726AAD-AE36-4028-8CA8-9F8A7B0AB206}"
EndProject
Project("{FAE04EC0-301F-11D3-BF4B-00C04F79EFBC}") = "E07-BalancedParentheses", "E07-BalancedParentheses\E07-BalancedParentheses.csproj", "{4AF8AE49-A88C-42E4-AC59-BBC41FA18540}"
EndProject
Project("{FAE04EC0-301F-11D3-BF4B-00C04F79EFBC}") = "E08-RecursiveFibonacci", "E08-RecursiveFibonacci\E08-RecursiveFibonacci.csproj", "{EDAC66A8-BED6-4788-94AC-FC17E4920E72}"
EndProject
Project("{FAE04EC0-301F-11D3-BF4B-00C04F79EFBC}") = "E09-StackFibonacci", "E09-StackFibonacci\E09-StackFibonacci.csproj", "{800789FE-E594-48B4-BC80-C486F99C0067}"
EndProject
Project("{FAE04EC0-301F-11D3-BF4B-00C04F79EFBC}") = "E10-SimpleTextEditor", "E10-SimpleTextEditor\E10-SimpleTextEditor.csproj", "{370D7FF4-9584-463D-9D00-22233392CF69}"
EndProject
Project("{FAE04EC0-301F-11D3-BF4B-00C04F79EFBC}") = "E11-Crossroads", "E11-Crossroads\E11-Crossroads.csproj", "{042E7E76-B277-4B07-BCD1-BF8C92420B58}"
EndProject
Global
	GlobalSection(SolutionConfigurationPlatforms) = preSolution
		Debug|Any CPU = Debug|Any CPU
		Release|Any CPU = Release|Any CPU
	EndGlobalSection
	GlobalSection(ProjectConfigurationPlatforms) = postSolution
		{17F697AB-A2B7-4F8F-872A-8ED858F15736}.Debug|Any CPU.ActiveCfg = Debug|Any CPU
		{17F697AB-A2B7-4F8F-872A-8ED858F15736}.Debug|Any CPU.Build.0 = Debug|Any CPU
		{17F697AB-A2B7-4F8F-872A-8ED858F15736}.Release|Any CPU.ActiveCfg = Release|Any CPU
		{17F697AB-A2B7-4F8F-872A-8ED858F15736}.Release|Any CPU.Build.0 = Release|Any CPU
		{B36D4C8C-25C8-4BDE-861E-C5205F68F3BB}.Debug|Any CPU.ActiveCfg = Debug|Any CPU
		{B36D4C8C-25C8-4BDE-861E-C5205F68F3BB}.Debug|Any CPU.Build.0 = Debug|Any CPU
		{B36D4C8C-25C8-4BDE-861E-C5205F68F3BB}.Release|Any CPU.ActiveCfg = Release|Any CPU
		{B36D4C8C-25C8-4BDE-861E-C5205F68F3BB}.Release|Any CPU.Build.0 = Release|Any CPU
		{16542471-7D8B-49D3-923F-6CADF80A7666}.Debug|Any CPU.ActiveCfg = Debug|Any CPU
		{16542471-7D8B-49D3-923F-6CADF80A7666}.Debug|Any CPU.Build.0 = Debug|Any CPU
		{16542471-7D8B-49D3-923F-6CADF80A7666}.Release|Any CPU.ActiveCfg = Release|Any CPU
		{16542471-7D8B-49D3-923F-6CADF80A7666}.Release|Any CPU.Build.0 = Release|Any CPU
		{FD42547C-EE8D-43DD-A9C1-E6A377A0E4E2}.Debug|Any CPU.ActiveCfg = Debug|Any CPU
		{FD42547C-EE8D-43DD-A9C1-E6A377A0E4E2}.Debug|Any CPU.Build.0 = Debug|Any CPU
		{FD42547C-EE8D-43DD-A9C1-E6A377A0E4E2}.Release|Any CPU.ActiveCfg = Release|Any CPU
		{FD42547C-EE8D-43DD-A9C1-E6A377A0E4E2}.Release|Any CPU.Build.0 = Release|Any CPU
		{CC1E83FF-71E7-4AF2-AC5F-5FC30B657EC7}.Debug|Any CPU.ActiveCfg = Debug|Any CPU
		{CC1E83FF-71E7-4AF2-AC5F-5FC30B657EC7}.Debug|Any CPU.Build.0 = Debug|Any CPU
		{CC1E83FF-71E7-4AF2-AC5F-5FC30B657EC7}.Release|Any CPU.ActiveCfg = Release|Any CPU
		{CC1E83FF-71E7-4AF2-AC5F-5FC30B657EC7}.Release|Any CPU.Build.0 = Release|Any CPU
		{71726AAD-AE36-4028-8CA8-9F8A7B0AB206}.Debug|Any CPU.ActiveCfg = Debug|Any CPU
		{71726AAD-AE36-4028-8CA8-9F8A7B0AB206}.Debug|Any CPU.Build.0 = Debug|Any CPU
		{71726AAD-AE36-4028-8CA8-9F8A7B0AB206}.Release|Any CPU.ActiveCfg = Release|Any CPU
		{71726AAD-AE36-4028-8CA8-9F8A7B0AB206}.Release|Any CPU.Build.0 = Release|Any CPU
		{4AF8AE49-A88C-42E4-AC59-BBC41FA18540}.Debug|Any CPU.ActiveCfg = Debug|Any CPU
		{4AF8AE49-A88C-42E4-AC59-BBC41FA18540}.Debug|Any CPU.Build.0 = Debug|Any CPU
		{4AF8AE49-A88C-42E4-AC59-BBC41FA18540}.Release|Any CPU.ActiveCfg = Release|Any CPU
		{4AF8AE49-A88C-42E4-AC59-BBC41FA18540}.Release|Any CPU.Build.0 = Release|Any CPU
		{EDAC66A8-BED6-4788-94AC-FC17E4920E72}.Debug|Any CPU.ActiveCfg = Debug|Any CPU
		{EDAC66A8-BED6-4788-94AC-FC17E4920E72}.Debug|Any CPU.Build.0 = Debug|Any CPU
		{EDAC66A8-BED6-4788-94AC-FC17E4920E72}.Release|Any CPU.ActiveCfg = Release|Any CPU
		{EDAC66A8-BED6-4788-94AC-FC17E4920E72}.Release|Any CPU.Build.0 = Release|Any CPU
		{800789FE-E594-48B4-BC80-C486F99C0067}.Debug|Any CPU.ActiveCfg = Debug|Any CPU
		{800789FE-E594-48B4-BC80-C486F99C0067}.Debug|Any CPU.Build.0 = Debug|Any CPU
		{800789FE-E594-48B4-BC80-C486F99C0067}.Release|Any CPU.ActiveCfg = Release|Any CPU
		{800789FE-E594-48B4-BC80-C486F99C0067}.Release|Any CPU.Build.0 = Release|Any CPU
		{370D7FF4-9584-463D-9D00-22233392CF69}.Debug|Any CPU.ActiveCfg = Debug|Any CPU
		{370D7FF4-9584-463D-9D00-22233392CF69}.Debug|Any CPU.Build.0 = Debug|Any CPU
		{370D7FF4-9584-463D-9D00-22233392CF69}.Release|Any CPU.ActiveCfg = Release|Any CPU
		{370D7FF4-9584-463D-9D00-22233392CF69}.Release|Any CPU.Build.0 = Release|Any CPU
		{042E7E76-B277-4B07-BCD1-BF8C92420B58}.Debug|Any CPU.ActiveCfg = Debug|Any CPU
		{042E7E76-B277-4B07-BCD1-BF8C92420B58}.Debug|Any CPU.Build.0 = Debug|Any CPU
		{042E7E76-B277-4B07-BCD1-BF8C92420B58}.Release|Any CPU.ActiveCfg = Release|Any CPU
		{042E7E76-B277-4B07-BCD1-BF8C92420B58}.Release|Any CPU.Build.0 = Release|Any CPU
	EndGlobalSection
	GlobalSection(SolutionProperties) = preSolution
		HideSolutionNode = FALSE
	EndGlobalSection
	GlobalSection(ExtensibilityGlobals) = postSolution
		SolutionGuid = {A13D01AB-6317-4261-A03F-93C549A637F0}
	EndGlobalSection
EndGlobal
