
Microsoft Visual Studio Solution File, Format Version 12.00
# Visual Studio Version 17
VisualStudioVersion = 17.2.32519.379
MinimumVisualStudioVersion = 10.0.40219.1
Project("{FAE04EC0-301F-11D3-BF4B-00C04F79EFBC}") = "E01-ParkingLot", "E01-ParkingLot\E01-ParkingLot.csproj", "{268342F2-EFC8-42E8-8D84-8661E315CDEC}"
EndProject
Global
	GlobalSection(SolutionConfigurationPlatforms) = preSolution
		Debug|Any CPU = Debug|Any CPU
		Release|Any CPU = Release|Any CPU
	EndGlobalSection
	GlobalSection(ProjectConfigurationPlatforms) = postSolution
		{268342F2-EFC8-42E8-8D84-8661E315CDEC}.Debug|Any CPU.ActiveCfg = Debug|Any CPU
		{268342F2-EFC8-42E8-8D84-8661E315CDEC}.Debug|Any CPU.Build.0 = Debug|Any CPU
		{268342F2-EFC8-42E8-8D84-8661E315CDEC}.Release|Any CPU.ActiveCfg = Release|Any CPU
		{268342F2-EFC8-42E8-8D84-8661E315CDEC}.Release|Any CPU.Build.0 = Release|Any CPU
	EndGlobalSection
	GlobalSection(SolutionProperties) = preSolution
		HideSolutionNode = FALSE
	EndGlobalSection
	GlobalSection(ExtensibilityGlobals) = postSolution
		SolutionGuid = {E43D01FE-A49A-413F-93F2-9D461B2336AE}
	EndGlobalSection
EndGlobal
