
Microsoft Visual Studio Solution File, Format Version 12.00
# Visual Studio Version 17
VisualStudioVersion = 17.2.32519.379
MinimumVisualStudioVersion = 10.0.40219.1
Project("{FAE04EC0-301F-11D3-BF4B-00C04F79EFBC}") = "E01-UniqueUsernames", "E01-UniqueUsernames\E01-UniqueUsernames.csproj", "{24A1D3EF-0A0C-44B6-8E30-5B9EE8D8FF87}"
EndProject
Project("{FAE04EC0-301F-11D3-BF4B-00C04F79EFBC}") = "E02-SetsOfElements", "E02-SetsOfElements\E02-SetsOfElements.csproj", "{08848869-0D2E-4491-B722-EBA68D4A6F07}"
EndProject
Project("{FAE04EC0-301F-11D3-BF4B-00C04F79EFBC}") = "E03-PeriodicTable", "E03-PeriodicTable\E03-PeriodicTable.csproj", "{D63B8987-E138-4278-B9C2-057F95F1E621}"
EndProject
Project("{FAE04EC0-301F-11D3-BF4B-00C04F79EFBC}") = "E04-CountSymbols", "E04-CountSymbols\E04-CountSymbols.csproj", "{A026478D-C3A3-4B64-BD98-AF4BE0F9CA0A}"
EndProject
Global
	GlobalSection(SolutionConfigurationPlatforms) = preSolution
		Debug|Any CPU = Debug|Any CPU
		Release|Any CPU = Release|Any CPU
	EndGlobalSection
	GlobalSection(ProjectConfigurationPlatforms) = postSolution
		{24A1D3EF-0A0C-44B6-8E30-5B9EE8D8FF87}.Debug|Any CPU.ActiveCfg = Debug|Any CPU
		{24A1D3EF-0A0C-44B6-8E30-5B9EE8D8FF87}.Debug|Any CPU.Build.0 = Debug|Any CPU
		{24A1D3EF-0A0C-44B6-8E30-5B9EE8D8FF87}.Release|Any CPU.ActiveCfg = Release|Any CPU
		{24A1D3EF-0A0C-44B6-8E30-5B9EE8D8FF87}.Release|Any CPU.Build.0 = Release|Any CPU
		{08848869-0D2E-4491-B722-EBA68D4A6F07}.Debug|Any CPU.ActiveCfg = Debug|Any CPU
		{08848869-0D2E-4491-B722-EBA68D4A6F07}.Debug|Any CPU.Build.0 = Debug|Any CPU
		{08848869-0D2E-4491-B722-EBA68D4A6F07}.Release|Any CPU.ActiveCfg = Release|Any CPU
		{08848869-0D2E-4491-B722-EBA68D4A6F07}.Release|Any CPU.Build.0 = Release|Any CPU
		{D63B8987-E138-4278-B9C2-057F95F1E621}.Debug|Any CPU.ActiveCfg = Debug|Any CPU
		{D63B8987-E138-4278-B9C2-057F95F1E621}.Debug|Any CPU.Build.0 = Debug|Any CPU
		{D63B8987-E138-4278-B9C2-057F95F1E621}.Release|Any CPU.ActiveCfg = Release|Any CPU
		{D63B8987-E138-4278-B9C2-057F95F1E621}.Release|Any CPU.Build.0 = Release|Any CPU
		{A026478D-C3A3-4B64-BD98-AF4BE0F9CA0A}.Debug|Any CPU.ActiveCfg = Debug|Any CPU
		{A026478D-C3A3-4B64-BD98-AF4BE0F9CA0A}.Debug|Any CPU.Build.0 = Debug|Any CPU
		{A026478D-C3A3-4B64-BD98-AF4BE0F9CA0A}.Release|Any CPU.ActiveCfg = Release|Any CPU
		{A026478D-C3A3-4B64-BD98-AF4BE0F9CA0A}.Release|Any CPU.Build.0 = Release|Any CPU
	EndGlobalSection
	GlobalSection(SolutionProperties) = preSolution
		HideSolutionNode = FALSE
	EndGlobalSection
	GlobalSection(ExtensibilityGlobals) = postSolution
		SolutionGuid = {A9D5A55A-9789-4CEF-8ABB-785084E26980}
	EndGlobalSection
EndGlobal
